
Microsoft Visual Studio Solution File, Format Version 12.00
# Visual Studio 15
VisualStudioVersion = 15.0.28307.852
MinimumVisualStudioVersion = 10.0.40219.1
Project("{FAE04EC0-301F-11D3-BF4B-00C04F79EFBC}") = "Leaves.Student", "Leaves.Student\Leaves.Student.csproj", "{C6DDFF1A-3D1C-4117-8670-C527BF6E859D}"
EndProject
Global
	GlobalSection(SolutionConfigurationPlatforms) = preSolution
		Debug|Any CPU = Debug|Any CPU
		Release|Any CPU = Release|Any CPU
	EndGlobalSection
	GlobalSection(ProjectConfigurationPlatforms) = postSolution
		{C6DDFF1A-3D1C-4117-8670-C527BF6E859D}.Debug|Any CPU.ActiveCfg = Debug|Any CPU
		{C6DDFF1A-3D1C-4117-8670-C527BF6E859D}.Debug|Any CPU.Build.0 = Debug|Any CPU
		{C6DDFF1A-3D1C-4117-8670-C527BF6E859D}.Release|Any CPU.ActiveCfg = Release|Any CPU
		{C6DDFF1A-3D1C-4117-8670-C527BF6E859D}.Release|Any CPU.Build.0 = Release|Any CPU
	EndGlobalSection
	GlobalSection(SolutionProperties) = preSolution
		HideSolutionNode = FALSE
	EndGlobalSection
	GlobalSection(ExtensibilityGlobals) = postSolution
		SolutionGuid = {E2C3A6DA-B57C-4419-9D71-707E7200AF5D}
	EndGlobalSection
EndGlobal
